
Microsoft Visual Studio Solution File, Format Version 12.00
# Visual Studio Version 17
VisualStudioVersion = 17.1.32228.430
MinimumVisualStudioVersion = 10.0.40219.1
Project("{FAE04EC0-301F-11D3-BF4B-00C04F79EFBC}") = "BbWeb", "BbWeb\BbWeb.csproj", "{D02C7B0A-CE15-469E-BD0A-DE301E34E5D6}"
EndProject
Global
	GlobalSection(SolutionConfigurationPlatforms) = preSolution
		Debug|Any CPU = Debug|Any CPU
		Release|Any CPU = Release|Any CPU
	EndGlobalSection
	GlobalSection(ProjectConfigurationPlatforms) = postSolution
		{D02C7B0A-CE15-469E-BD0A-DE301E34E5D6}.Debug|Any CPU.ActiveCfg = Debug|Any CPU
		{D02C7B0A-CE15-469E-BD0A-DE301E34E5D6}.Debug|Any CPU.Build.0 = Debug|Any CPU
		{D02C7B0A-CE15-469E-BD0A-DE301E34E5D6}.Release|Any CPU.ActiveCfg = Release|Any CPU
		{D02C7B0A-CE15-469E-BD0A-DE301E34E5D6}.Release|Any CPU.Build.0 = Release|Any CPU
	EndGlobalSection
	GlobalSection(SolutionProperties) = preSolution
		HideSolutionNode = FALSE
	EndGlobalSection
	GlobalSection(ExtensibilityGlobals) = postSolution
		SolutionGuid = {9C54A068-88EA-4CA8-9015-07FA7924E304}
	EndGlobalSection
EndGlobal
